
Microsoft Visual Studio Solution File, Format Version 12.00
# Visual Studio Version 16
VisualStudioVersion = 16.0.29613.14
MinimumVisualStudioVersion = 10.0.40219.1
Project("{9A19103F-16F7-4668-BE54-9A1E7A4F7556}") = "Orbit", "..\..\..\..\Documents\Orbit code\Cloned\src\Orbit\Orbit.csproj", "{068A4B9A-E580-4912-B29D-A1C220A7775F}"
EndProject
Project("{9A19103F-16F7-4668-BE54-9A1E7A4F7556}") = "Orbit.Tests", "..\..\..\..\Documents\Orbit code\Cloned\test\Orbit.Tests\Orbit.Tests.csproj", "{0AB0990F-9B4D-4A0C-B2B6-9DD273F17AC1}"
EndProject
Global
	GlobalSection(SolutionConfigurationPlatforms) = preSolution
		Debug|Any CPU = Debug|Any CPU
		Release|Any CPU = Release|Any CPU
	EndGlobalSection
	GlobalSection(ProjectConfigurationPlatforms) = postSolution
		{068A4B9A-E580-4912-B29D-A1C220A7775F}.Debug|Any CPU.ActiveCfg = Debug|Any CPU
		{068A4B9A-E580-4912-B29D-A1C220A7775F}.Debug|Any CPU.Build.0 = Debug|Any CPU
		{068A4B9A-E580-4912-B29D-A1C220A7775F}.Release|Any CPU.ActiveCfg = Release|Any CPU
		{068A4B9A-E580-4912-B29D-A1C220A7775F}.Release|Any CPU.Build.0 = Release|Any CPU
		{0AB0990F-9B4D-4A0C-B2B6-9DD273F17AC1}.Debug|Any CPU.ActiveCfg = Debug|Any CPU
		{0AB0990F-9B4D-4A0C-B2B6-9DD273F17AC1}.Debug|Any CPU.Build.0 = Debug|Any CPU
		{0AB0990F-9B4D-4A0C-B2B6-9DD273F17AC1}.Release|Any CPU.ActiveCfg = Release|Any CPU
		{0AB0990F-9B4D-4A0C-B2B6-9DD273F17AC1}.Release|Any CPU.Build.0 = Release|Any CPU
	EndGlobalSection
	GlobalSection(SolutionProperties) = preSolution
		HideSolutionNode = FALSE
	EndGlobalSection
	GlobalSection(ExtensibilityGlobals) = postSolution
		SolutionGuid = {5D9B060B-D5CD-41B3-BA5D-983401572E0D}
	EndGlobalSection
EndGlobal
